
Microsoft Visual Studio Solution File, Format Version 12.00
# Visual Studio 15
VisualStudioVersion = 15.0.27130.0
MinimumVisualStudioVersion = 10.0.40219.1
Project("{FAE04EC0-301F-11D3-BF4B-00C04F79EFBC}") = "ParquetViewer", "ParquetViewer\ParquetViewer.csproj", "{99043FBC-4365-45D4-97C8-ED3DF7CEF168}"
EndProject
Project("{2150E333-8FDC-42A3-9474-1A3956D46DE8}") = "Solution Items", "Solution Items", "{D83E5176-425E-4941-A859-B8A1C2985DDC}"
	ProjectSection(SolutionItems) = preProject
		..\README.md = ..\README.md
	EndProjectSection
EndProject
Project("{2150E333-8FDC-42A3-9474-1A3956D46DE8}") = "doc", "doc", "{061FBD82-5D09-47E6-B406-B4E77F34E652}"
	ProjectSection(SolutionItems) = preProject
		..\doc\privacy_policy.md = ..\doc\privacy_policy.md
	EndProjectSection
EndProject
Global
	GlobalSection(SolutionConfigurationPlatforms) = preSolution
		Debug|ARM = Debug|ARM
		Debug|x64 = Debug|x64
		Debug|x86 = Debug|x86
		Release|ARM = Release|ARM
		Release|x64 = Release|x64
		Release|x86 = Release|x86
	EndGlobalSection
	GlobalSection(ProjectConfigurationPlatforms) = postSolution
		{99043FBC-4365-45D4-97C8-ED3DF7CEF168}.Debug|ARM.ActiveCfg = Debug|ARM
		{99043FBC-4365-45D4-97C8-ED3DF7CEF168}.Debug|ARM.Build.0 = Debug|ARM
		{99043FBC-4365-45D4-97C8-ED3DF7CEF168}.Debug|ARM.Deploy.0 = Debug|ARM
		{99043FBC-4365-45D4-97C8-ED3DF7CEF168}.Debug|x64.ActiveCfg = Debug|x64
		{99043FBC-4365-45D4-97C8-ED3DF7CEF168}.Debug|x64.Build.0 = Debug|x64
		{99043FBC-4365-45D4-97C8-ED3DF7CEF168}.Debug|x64.Deploy.0 = Debug|x64
		{99043FBC-4365-45D4-97C8-ED3DF7CEF168}.Debug|x86.ActiveCfg = Debug|x86
		{99043FBC-4365-45D4-97C8-ED3DF7CEF168}.Debug|x86.Build.0 = Debug|x86
		{99043FBC-4365-45D4-97C8-ED3DF7CEF168}.Debug|x86.Deploy.0 = Debug|x86
		{99043FBC-4365-45D4-97C8-ED3DF7CEF168}.Release|ARM.ActiveCfg = Release|ARM
		{99043FBC-4365-45D4-97C8-ED3DF7CEF168}.Release|ARM.Build.0 = Release|ARM
		{99043FBC-4365-45D4-97C8-ED3DF7CEF168}.Release|ARM.Deploy.0 = Release|ARM
		{99043FBC-4365-45D4-97C8-ED3DF7CEF168}.Release|x64.ActiveCfg = Release|x64
		{99043FBC-4365-45D4-97C8-ED3DF7CEF168}.Release|x64.Build.0 = Release|x64
		{99043FBC-4365-45D4-97C8-ED3DF7CEF168}.Release|x64.Deploy.0 = Release|x64
		{99043FBC-4365-45D4-97C8-ED3DF7CEF168}.Release|x86.ActiveCfg = Release|x86
		{99043FBC-4365-45D4-97C8-ED3DF7CEF168}.Release|x86.Build.0 = Release|x86
		{99043FBC-4365-45D4-97C8-ED3DF7CEF168}.Release|x86.Deploy.0 = Release|x86
	EndGlobalSection
	GlobalSection(SolutionProperties) = preSolution
		HideSolutionNode = FALSE
	EndGlobalSection
	GlobalSection(NestedProjects) = preSolution
		{061FBD82-5D09-47E6-B406-B4E77F34E652} = {D83E5176-425E-4941-A859-B8A1C2985DDC}
	EndGlobalSection
	GlobalSection(ExtensibilityGlobals) = postSolution
		SolutionGuid = {C99BC086-DEE0-4019-B27F-14CA330481CE}
	EndGlobalSection
EndGlobal
